
Microsoft Visual Studio Solution File, Format Version 12.00
# Visual Studio Version 16
VisualStudioVersion = 16.0.30114.105
MinimumVisualStudioVersion = 10.0.40219.1
Project("{9A19103F-16F7-4668-BE54-9A1E7A4F7556}") = "EngUtil.EF.CRUDService.Core", "EngUtil.EF.CRUDService.Core\EngUtil.EF.CRUDService.Core.csproj", "{E1D6B0C9-0756-49B7-8E54-195F2CA56E19}"
EndProject
Project("{9A19103F-16F7-4668-BE54-9A1E7A4F7556}") = "EngUtil.EF.CRUDService.Core_Tests", "EngUtil.EF.CRUDService.Core_Tests\EngUtil.EF.CRUDService.Core_Tests.csproj", "{CC656EBB-1376-424C-BEC2-76D45BD1B2B5}"
EndProject
Project("{9A19103F-16F7-4668-BE54-9A1E7A4F7556}") = "EngUtil.CRUDService.CoreASP_Test", "EngUtil.CRUDService.CoreASP_Test\EngUtil.CRUDService.CoreASP_Test.csproj", "{E05BA395-92DE-43B0-BCF2-D05CB9036BA4}"
EndProject
Project("{2150E333-8FDC-42A3-9474-1A3956D46DE8}") = "Dto", "Dto", "{BB40BA71-BD7A-4E49-8737-17AB7F92BC44}"
EndProject
Project("{9A19103F-16F7-4668-BE54-9A1E7A4F7556}") = "EngUtil.Mock.Helper", "EngUtil.Data.Random\EngUtil.Mock.Helper.csproj", "{B2F11B10-5236-4144-85AE-E762518327C4}"
EndProject
Project("{9A19103F-16F7-4668-BE54-9A1E7A4F7556}") = "EngUtil.Dto.Mapper", "..\..\EngUtil.Dto.Mapper\EngUtil.Dto.Mapper\EngUtil.Dto.Mapper.csproj", "{A35D19FD-43E7-4065-A7A1-5B0DE1E000DB}"
EndProject
Global
	GlobalSection(SolutionConfigurationPlatforms) = preSolution
		Debug|Any CPU = Debug|Any CPU
		Release|Any CPU = Release|Any CPU
	EndGlobalSection
	GlobalSection(ProjectConfigurationPlatforms) = postSolution
		{E1D6B0C9-0756-49B7-8E54-195F2CA56E19}.Debug|Any CPU.ActiveCfg = Debug|Any CPU
		{E1D6B0C9-0756-49B7-8E54-195F2CA56E19}.Debug|Any CPU.Build.0 = Debug|Any CPU
		{E1D6B0C9-0756-49B7-8E54-195F2CA56E19}.Release|Any CPU.ActiveCfg = Release|Any CPU
		{E1D6B0C9-0756-49B7-8E54-195F2CA56E19}.Release|Any CPU.Build.0 = Release|Any CPU
		{CC656EBB-1376-424C-BEC2-76D45BD1B2B5}.Debug|Any CPU.ActiveCfg = Debug|Any CPU
		{CC656EBB-1376-424C-BEC2-76D45BD1B2B5}.Debug|Any CPU.Build.0 = Debug|Any CPU
		{CC656EBB-1376-424C-BEC2-76D45BD1B2B5}.Release|Any CPU.ActiveCfg = Release|Any CPU
		{CC656EBB-1376-424C-BEC2-76D45BD1B2B5}.Release|Any CPU.Build.0 = Release|Any CPU
		{E05BA395-92DE-43B0-BCF2-D05CB9036BA4}.Debug|Any CPU.ActiveCfg = Debug|Any CPU
		{E05BA395-92DE-43B0-BCF2-D05CB9036BA4}.Debug|Any CPU.Build.0 = Debug|Any CPU
		{E05BA395-92DE-43B0-BCF2-D05CB9036BA4}.Release|Any CPU.ActiveCfg = Release|Any CPU
		{E05BA395-92DE-43B0-BCF2-D05CB9036BA4}.Release|Any CPU.Build.0 = Release|Any CPU
		{B2F11B10-5236-4144-85AE-E762518327C4}.Debug|Any CPU.ActiveCfg = Debug|Any CPU
		{B2F11B10-5236-4144-85AE-E762518327C4}.Debug|Any CPU.Build.0 = Debug|Any CPU
		{B2F11B10-5236-4144-85AE-E762518327C4}.Release|Any CPU.ActiveCfg = Release|Any CPU
		{B2F11B10-5236-4144-85AE-E762518327C4}.Release|Any CPU.Build.0 = Release|Any CPU
		{A35D19FD-43E7-4065-A7A1-5B0DE1E000DB}.Debug|Any CPU.ActiveCfg = Debug|Any CPU
		{A35D19FD-43E7-4065-A7A1-5B0DE1E000DB}.Debug|Any CPU.Build.0 = Debug|Any CPU
		{A35D19FD-43E7-4065-A7A1-5B0DE1E000DB}.Release|Any CPU.ActiveCfg = Release|Any CPU
		{A35D19FD-43E7-4065-A7A1-5B0DE1E000DB}.Release|Any CPU.Build.0 = Release|Any CPU
	EndGlobalSection
	GlobalSection(SolutionProperties) = preSolution
		HideSolutionNode = FALSE
	EndGlobalSection
	GlobalSection(NestedProjects) = preSolution
		{A35D19FD-43E7-4065-A7A1-5B0DE1E000DB} = {BB40BA71-BD7A-4E49-8737-17AB7F92BC44}
	EndGlobalSection
	GlobalSection(ExtensibilityGlobals) = postSolution
		SolutionGuid = {FE11B205-4D8F-4E90-818D-EFA74AD12F67}
	EndGlobalSection
EndGlobal
